// !$*UTF8*$!
{
	archiveVersion = 1;
	classes = {
	};
	objectVersion = 50;
	objects = {

/* Begin PBXBuildFile section */
		12B778E32504FECA003131B8 /* AppDelegate.swift in Sources */ = {isa = PBXBuildFile; fileRef = 12B778E22504FECA003131B8 /* AppDelegate.swift */; };
		12B778E52504FECA003131B8 /* SceneDelegate.swift in Sources */ = {isa = PBXBuildFile; fileRef = 12B778E42504FECA003131B8 /* SceneDelegate.swift */; };
		12B778E72504FECA003131B8 /* ViewController.swift in Sources */ = {isa = PBXBuildFile; fileRef = 12B778E62504FECA003131B8 /* ViewController.swift */; };
		12B778EA2504FECA003131B8 /* Main.storyboard in Resources */ = {isa = PBXBuildFile; fileRef = 12B778E82504FECA003131B8 /* Main.storyboard */; };
		12B778EC2504FECC003131B8 /* Assets.xcassets in Resources */ = {isa = PBXBuildFile; fileRef = 12B778EB2504FECC003131B8 /* Assets.xcassets */; };
		12B778EF2504FECC003131B8 /* LaunchScreen.storyboard in Resources */ = {isa = PBXBuildFile; fileRef = 12B778ED2504FECC003131B8 /* LaunchScreen.storyboard */; };
		12B778FA2504FECC003131B8 /* docSuggestTests.swift in Sources */ = {isa = PBXBuildFile; fileRef = 12B778F92504FECC003131B8 /* docSuggestTests.swift */; };
		12B779052504FECC003131B8 /* docSuggestUITests.swift in Sources */ = {isa = PBXBuildFile; fileRef = 12B779042504FECC003131B8 /* docSuggestUITests.swift */; };
/* End PBXBuildFile section */

/* Begin PBXContainerItemProxy section */
		12B778F62504FECC003131B8 /* PBXContainerItemProxy */ = {
			isa = PBXContainerItemProxy;
			containerPortal = 12B778D72504FECA003131B8 /* Project object */;
			proxyType = 1;
			remoteGlobalIDString = 12B778DE2504FECA003131B8;
			remoteInfo = docSuggest;
		};
		12B779012504FECC003131B8 /* PBXContainerItemProxy */ = {
			isa = PBXContainerItemProxy;
			containerPortal = 12B778D72504FECA003131B8 /* Project object */;
			proxyType = 1;
			remoteGlobalIDString = 12B778DE2504FECA003131B8;
			remoteInfo = docSuggest;
		};
/* End PBXContainerItemProxy section */

/* Begin PBXFileReference section */
		12B778DF2504FECA003131B8 /* docSuggest.app */ = {isa = PBXFileReference; explicitFileType = wrapper.application; includeInIndex = 0; path = docSuggest.app; sourceTree = BUILT_PRODUCTS_DIR; };
		12B778E22504FECA003131B8 /* AppDelegate.swift */ = {isa = PBXFileReference; lastKnownFileType = sourcecode.swift; path = AppDelegate.swift; sourceTree = "<group>"; };
		12B778E42504FECA003131B8 /* SceneDelegate.swift */ = {isa = PBXFileReference; lastKnownFileType = sourcecode.swift; path = SceneDelegate.swift; sourceTree = "<group>"; };
		12B778E62504FECA003131B8 /* ViewController.swift */ = {isa = PBXFileReference; lastKnownFileType = sourcecode.swift; path = ViewController.swift; sourceTree = "<group>"; };
		12B778E92504FECA003131B8 /* Base */ = {isa = PBXFileReference; lastKnownFileType = file.storyboard; name = Base; path = Base.lproj/Main.storyboard; sourceTree = "<group>"; };
		12B778EB2504FECC003131B8 /* Assets.xcassets */ = {isa = PBXFileReference; lastKnownFileType = folder.assetcatalog; path = Assets.xcassets; sourceTree = "<group>"; };
		12B778EE2504FECC003131B8 /* Base */ = {isa = PBXFileReference; lastKnownFileType = file.storyboard; name = Base; path = Base.lproj/LaunchScreen.storyboard; sourceTree = "<group>"; };
		12B778F02504FECC003131B8 /* Info.plist */ = {isa = PBXFileReference; lastKnownFileType = text.plist.xml; path = Info.plist; sourceTree = "<group>"; };
		12B778F52504FECC003131B8 /* docSuggestTests.xctest */ = {isa = PBXFileReference; explicitFileType = wrapper.cfbundle; includeInIndex = 0; path = docSuggestTests.xctest; sourceTree = BUILT_PRODUCTS_DIR; };
		12B778F92504FECC003131B8 /* docSuggestTests.swift */ = {isa = PBXFileReference; lastKnownFileType = sourcecode.swift; path = docSuggestTests.swift; sourceTree = "<group>"; };
		12B778FB2504FECC003131B8 /* Info.plist */ = {isa = PBXFileReference; lastKnownFileType = text.plist.xml; path = Info.plist; sourceTree = "<group>"; };
		12B779002504FECC003131B8 /* docSuggestUITests.xctest */ = {isa = PBXFileReference; explicitFileType = wrapper.cfbundle; includeInIndex = 0; path = docSuggestUITests.xctest; sourceTree = BUILT_PRODUCTS_DIR; };
		12B779042504FECC003131B8 /* docSuggestUITests.swift */ = {isa = PBXFileReference; lastKnownFileType = sourcecode.swift; path = docSuggestUITests.swift; sourceTree = "<group>"; };
		12B779062504FECC003131B8 /* Info.plist */ = {isa = PBXFileReference; lastKnownFileType = text.plist.xml; path = Info.plist; sourceTree = "<group>"; };
/* End PBXFileReference section */

/* Begin PBXFrameworksBuildPhase section */
		12B778DC2504FECA003131B8 /* Frameworks */ = {
			isa = PBXFrameworksBuildPhase;
			buildActionMask = 2147483647;
			files = (
			);
			runOnlyForDeploymentPostprocessing = 0;
		};
		12B778F22504FECC003131B8 /* Frameworks */ = {
			isa = PBXFrameworksBuildPhase;
			buildActionMask = 2147483647;
			files = (
			);
			runOnlyForDeploymentPostprocessing = 0;
		};
		12B778FD2504FECC003131B8 /* Frameworks */ = {
			isa = PBXFrameworksBuildPhase;
			buildActionMask = 2147483647;
			files = (
			);
			runOnlyForDeploymentPostprocessing = 0;
		};
/* End PBXFrameworksBuildPhase section */

/* Begin PBXGroup section */
		12B778D62504FECA003131B8 = {
			isa = PBXGroup;
			children = (
				12B778E12504FECA003131B8 /* docSuggest */,
				12B778F82504FECC003131B8 /* docSuggestTests */,
				12B779032504FECC003131B8 /* docSuggestUITests */,
				12B778E02504FECA003131B8 /* Products */,
			);
			sourceTree = "<group>";
		};
		12B778E02504FECA003131B8 /* Products */ = {
			isa = PBXGroup;
			children = (
				12B778DF2504FECA003131B8 /* docSuggest.app */,
				12B778F52504FECC003131B8 /* docSuggestTests.xctest */,
				12B779002504FECC003131B8 /* docSuggestUITests.xctest */,
			);
			name = Products;
			sourceTree = "<group>";
		};
		12B778E12504FECA003131B8 /* docSuggest */ = {
			isa = PBXGroup;
			children = (
				12B778E22504FECA003131B8 /* AppDelegate.swift */,
				12B778E42504FECA003131B8 /* SceneDelegate.swift */,
				12B778E62504FECA003131B8 /* ViewController.swift */,
				12B778E82504FECA003131B8 /* Main.storyboard */,
				12B778EB2504FECC003131B8 /* Assets.xcassets */,
				12B778ED2504FECC003131B8 /* LaunchScreen.storyboard */,
				12B778F02504FECC003131B8 /* Info.plist */,
			);
			path = docSuggest;
			sourceTree = "<group>";
		};
		12B778F82504FECC003131B8 /* docSuggestTests */ = {
			isa = PBXGroup;
			children = (
				12B778F92504FECC003131B8 /* docSuggestTests.swift */,
				12B778FB2504FECC003131B8 /* Info.plist */,
			);
			path = docSuggestTests;
			sourceTree = "<group>";
		};
		12B779032504FECC003131B8 /* docSuggestUITests */ = {
			isa = PBXGroup;
			children = (
				12B779042504FECC003131B8 /* docSuggestUITests.swift */,
				12B779062504FECC003131B8 /* Info.plist */,
			);
			path = docSuggestUITests;
			sourceTree = "<group>";
		};
/* End PBXGroup section */

/* Begin PBXNativeTarget section */
		12B778DE2504FECA003131B8 /* docSuggest */ = {
			isa = PBXNativeTarget;
			buildConfigurationList = 12B779092504FECC003131B8 /* Build configuration list for PBXNativeTarget "docSuggest" */;
			buildPhases = (
				12B778DB2504FECA003131B8 /* Sources */,
				12B778DC2504FECA003131B8 /* Frameworks */,
				12B778DD2504FECA003131B8 /* Resources */,
			);
			buildRules = (
			);
			dependencies = (
			);
			name = docSuggest;
			productName = docSuggest;
			productReference = 12B778DF2504FECA003131B8 /* docSuggest.app */;
			productType = "com.apple.product-type.application";
		};
		12B778F42504FECC003131B8 /* docSuggestTests */ = {
			isa = PBXNativeTarget;
			buildConfigurationList = 12B7790C2504FECC003131B8 /* Build configuration list for PBXNativeTarget "docSuggestTests" */;
			buildPhases = (
				12B778F12504FECC003131B8 /* Sources */,
				12B778F22504FECC003131B8 /* Frameworks */,
				12B778F32504FECC003131B8 /* Resources */,
			);
			buildRules = (
			);
			dependencies = (
				12B778F72504FECC003131B8 /* PBXTargetDependency */,
			);
			name = docSuggestTests;
			productName = docSuggestTests;
			productReference = 12B778F52504FECC003131B8 /* docSuggestTests.xctest */;
			productType = "com.apple.product-type.bundle.unit-test";
		};
		12B778FF2504FECC003131B8 /* docSuggestUITests */ = {
			isa = PBXNativeTarget;
			buildConfigurationList = 12B7790F2504FECC003131B8 /* Build configuration list for PBXNativeTarget "docSuggestUITests" */;
			buildPhases = (
				12B778FC2504FECC003131B8 /* Sources */,
				12B778FD2504FECC003131B8 /* Frameworks */,
				12B778FE2504FECC003131B8 /* Resources */,
			);
			buildRules = (
			);
			dependencies = (
				12B779022504FECC003131B8 /* PBXTargetDependency */,
			);
			name = docSuggestUITests;
			productName = docSuggestUITests;
			productReference = 12B779002504FECC003131B8 /* docSuggestUITests.xctest */;
			productType = "com.apple.product-type.bundle.ui-testing";
		};
/* End PBXNativeTarget section */

/* Begin PBXProject section */
		12B778D72504FECA003131B8 /* Project object */ = {
			isa = PBXProject;
			attributes = {
				LastSwiftUpdateCheck = 1130;
				LastUpgradeCheck = 1130;
				ORGANIZATIONNAME = "Deepak Bachulkar";
				TargetAttributes = {
					12B778DE2504FECA003131B8 = {
						CreatedOnToolsVersion = 11.3;
					};
					12B778F42504FECC003131B8 = {
						CreatedOnToolsVersion = 11.3;
						TestTargetID = 12B778DE2504FECA003131B8;
					};
					12B778FF2504FECC003131B8 = {
						CreatedOnToolsVersion = 11.3;
						TestTargetID = 12B778DE2504FECA003131B8;
					};
				};
			};
			buildConfigurationList = 12B778DA2504FECA003131B8 /* Build configuration list for PBXProject "docSuggest" */;
			compatibilityVersion = "Xcode 9.3";
			developmentRegion = en;
			hasScannedForEncodings = 0;
			knownRegions = (
				en,
				Base,
			);
			mainGroup = 12B778D62504FECA003131B8;
			productRefGroup = 12B778E02504FECA003131B8 /* Products */;
			projectDirPath = "";
			projectRoot = "";
			targets = (
				12B778DE2504FECA003131B8 /* docSuggest */,
				12B778F42504FECC003131B8 /* docSuggestTests */,
				12B778FF2504FECC003131B8 /* docSuggestUITests */,
			);
		};
/* End PBXProject section */

/* Begin PBXResourcesBuildPhase section */
		12B778DD2504FECA003131B8 /* Resources */ = {
			isa = PBXResourcesBuildPhase;
			buildActionMask = 2147483647;
			files = (
				12B778EF2504FECC003131B8 /* LaunchScreen.storyboard in Resources */,
				12B778EC2504FECC003131B8 /* Assets.xcassets in Resources */,
				12B778EA2504FECA003131B8 /* Main.storyboard in Resources */,
			);
			runOnlyForDeploymentPostprocessing = 0;
		};
		12B778F32504FECC003131B8 /* Resources */ = {
			isa = PBXResourcesBuildPhase;
			buildActionMask = 2147483647;
			files = (
			);
			runOnlyForDeploymentPostprocessing = 0;
		};
		12B778FE2504FECC003131B8 /* Resources */ = {
			isa = PBXResourcesBuildPhase;
			buildActionMask = 2147483647;
			files = (
			);
			runOnlyForDeploymentPostprocessing = 0;
		};
/* End PBXResourcesBuildPhase section */

/* Begin PBXSourcesBuildPhase section */
		12B778DB2504FECA003131B8 /* Sources */ = {
			isa = PBXSourcesBuildPhase;
			buildActionMask = 2147483647;
			files = (
				12B778E72504FECA003131B8 /* ViewController.swift in Sources */,
				12B778E32504FECA003131B8 /* AppDelegate.swift in Sources */,
				12B778E52504FECA003131B8 /* SceneDelegate.swift in Sources */,
			);
			runOnlyForDeploymentPostprocessing = 0;
		};
		12B778F12504FECC003131B8 /* Sources */ = {
			isa = PBXSourcesBuildPhase;
			buildActionMask = 2147483647;
			files = (
				12B778FA2504FECC003131B8 /* docSuggestTests.swift in Sources */,
			);
			runOnlyForDeploymentPostprocessing = 0;
		};
		12B778FC2504FECC003131B8 /* Sources */ = {
			isa = PBXSourcesBuildPhase;
			buildActionMask = 2147483647;
			files = (
				12B779052504FECC003131B8 /* docSuggestUITests.swift in Sources */,
			);
			runOnlyForDeploymentPostprocessing = 0;
		};
/* End PBXSourcesBuildPhase section */

/* Begin PBXTargetDependency section */
		12B778F72504FECC003131B8 /* PBXTargetDependency */ = {
			isa = PBXTargetDependency;
			target = 12B778DE2504FECA003131B8 /* docSuggest */;
			targetProxy = 12B778F62504FECC003131B8 /* PBXContainerItemProxy */;
		};
		12B779022504FECC003131B8 /* PBXTargetDependency */ = {
			isa = PBXTargetDependency;
			target = 12B778DE2504FECA003131B8 /* docSuggest */;
			targetProxy = 12B779012504FECC003131B8 /* PBXContainerItemProxy */;
		};
/* End PBXTargetDependency section */

/* Begin PBXVariantGroup section */
		12B778E82504FECA003131B8 /* Main.storyboard */ = {
			isa = PBXVariantGroup;
			children = (
				12B778E92504FECA003131B8 /* Base */,
			);
			name = Main.storyboard;
			sourceTree = "<group>";
		};
		12B778ED2504FECC003131B8 /* LaunchScreen.storyboard */ = {
			isa = PBXVariantGroup;
			children = (
				12B778EE2504FECC003131B8 /* Base */,
			);
			name = LaunchScreen.storyboard;
			sourceTree = "<group>";
		};
/* End PBXVariantGroup section */

/* Begin XCBuildConfiguration section */
		12B779072504FECC003131B8 /* Debug */ = {
			isa = XCBuildConfiguration;
			buildSettings = {
				ALWAYS_SEARCH_USER_PATHS = NO;
				CLANG_ANALYZER_NONNULL = YES;
				CLANG_ANALYZER_NUMBER_OBJECT_CONVERSION = YES_AGGRESSIVE;
				CLANG_CXX_LANGUAGE_STANDARD = "gnu++14";
				CLANG_CXX_LIBRARY = "libc++";
				CLANG_ENABLE_MODULES = YES;
				CLANG_ENABLE_OBJC_ARC = YES;
				CLANG_ENABLE_OBJC_WEAK = YES;
				CLANG_WARN_BLOCK_CAPTURE_AUTORELEASING = YES;
				CLANG_WARN_BOOL_CONVERSION = YES;
				CLANG_WARN_COMMA = YES;
				CLANG_WARN_CONSTANT_CONVERSION = YES;
				CLANG_WARN_DEPRECATED_OBJC_IMPLEMENTATIONS = YES;
				CLANG_WARN_DIRECT_OBJC_ISA_USAGE = YES_ERROR;
				CLANG_WARN_DOCUMENTATION_COMMENTS = YES;
				CLANG_WARN_EMPTY_BODY = YES;
				CLANG_WARN_ENUM_CONVERSION = YES;
				CLANG_WARN_INFINITE_RECURSION = YES;
				CLANG_WARN_INT_CONVERSION = YES;
				CLANG_WARN_NON_LITERAL_NULL_CONVERSION = YES;
				CLANG_WARN_OBJC_IMPLICIT_RETAIN_SELF = YES;
				CLANG_WARN_OBJC_LITERAL_CONVERSION = YES;
				CLANG_WARN_OBJC_ROOT_CLASS = YES_ERROR;
				CLANG_WARN_RANGE_LOOP_ANALYSIS = YES;
				CLANG_WARN_STRICT_PROTOTYPES = YES;
				CLANG_WARN_SUSPICIOUS_MOVE = YES;
				CLANG_WARN_UNGUARDED_AVAILABILITY = YES_AGGRESSIVE;
				CLANG_WARN_UNREACHABLE_CODE = YES;
				CLANG_WARN__DUPLICATE_METHOD_MATCH = YES;
				COPY_PHASE_STRIP = NO;
				DEBUG_INFORMATION_FORMAT = dwarf;
				ENABLE_STRICT_OBJC_MSGSEND = YES;
				ENABLE_TESTABILITY = YES;
				GCC_C_LANGUAGE_STANDARD = gnu11;
				GCC_DYNAMIC_NO_PIC = NO;
				GCC_NO_COMMON_BLOCKS = YES;
				GCC_OPTIMIZATION_LEVEL = 0;
				GCC_PREPROCESSOR_DEFINITIONS = (
					"DEBUG=1",
					"$(inherited)",
				);
				GCC_WARN_64_TO_32_BIT_CONVERSION = YES;
				GCC_WARN_ABOUT_RETURN_TYPE = YES_ERROR;
				GCC_WARN_UNDECLARED_SELECTOR = YES;
				GCC_WARN_UNINITIALIZED_AUTOS = YES_AGGRESSIVE;
				GCC_WARN_UNUSED_FUNCTION = YES;
				GCC_WARN_UNUSED_VARIABLE = YES;
				IPHONEOS_DEPLOYMENT_TARGET = 13.2;
				MTL_ENABLE_DEBUG_INFO = INCLUDE_SOURCE;
				MTL_FAST_MATH = YES;
				ONLY_ACTIVE_ARCH = YES;
				SDKROOT = iphoneos;
				SWIFT_ACTIVE_COMPILATION_CONDITIONS = DEBUG;
				SWIFT_OPTIMIZATION_LEVEL = "-Onone";
			};
			name = Debug;
		};
		12B779082504FECC003131B8 /* Release */ = {
			isa = XCBuildConfiguration;
			buildSettings = {
				ALWAYS_SEARCH_USER_PATHS = NO;
				CLANG_ANALYZER_NONNULL = YES;
				CLANG_ANALYZER_NUMBER_OBJECT_CONVERSION = YES_AGGRESSIVE;
				CLANG_CXX_LANGUAGE_STANDARD = "gnu++14";
				CLANG_CXX_LIBRARY = "libc++";
				CLANG_ENABLE_MODULES = YES;
				CLANG_ENABLE_OBJC_ARC = YES;
				CLANG_ENABLE_OBJC_WEAK = YES;
				CLANG_WARN_BLOCK_CAPTURE_AUTORELEASING = YES;
				CLANG_WARN_BOOL_CONVERSION = YES;
				CLANG_WARN_COMMA = YES;
				CLANG_WARN_CONSTANT_CONVERSION = YES;
				CLANG_WARN_DEPRECATED_OBJC_IMPLEMENTATIONS = YES;
				CLANG_WARN_DIRECT_OBJC_ISA_USAGE = YES_ERROR;
				CLANG_WARN_DOCUMENTATION_COMMENTS = YES;
				CLANG_WARN_EMPTY_BODY = YES;
				CLANG_WARN_ENUM_CONVERSION = YES;
				CLANG_WARN_INFINITE_RECURSION = YES;
				CLANG_WARN_INT_CONVERSION = YES;
				CLANG_WARN_NON_LITERAL_NULL_CONVERSION = YES;
				CLANG_WARN_OBJC_IMPLICIT_RETAIN_SELF = YES;
				CLANG_WARN_OBJC_LITERAL_CONVERSION = YES;
				CLANG_WARN_OBJC_ROOT_CLASS = YES_ERROR;
				CLANG_WARN_RANGE_LOOP_ANALYSIS = YES;
				CLANG_WARN_STRICT_PROTOTYPES = YES;
				CLANG_WARN_SUSPICIOUS_MOVE = YES;
				CLANG_WARN_UNGUARDED_AVAILABILITY = YES_AGGRESSIVE;
				CLANG_WARN_UNREACHABLE_CODE = YES;
				CLANG_WARN__DUPLICATE_METHOD_MATCH = YES;
				COPY_PHASE_STRIP = NO;
				DEBUG_INFORMATION_FORMAT = "dwarf-with-dsym";
				ENABLE_NS_ASSERTIONS = NO;
				ENABLE_STRICT_OBJC_MSGSEND = YES;
				GCC_C_LANGUAGE_STANDARD = gnu11;
				GCC_NO_COMMON_BLOCKS = YES;
				GCC_WARN_64_TO_32_BIT_CONVERSION = YES;
				GCC_WARN_ABOUT_RETURN_TYPE = YES_ERROR;
				GCC_WARN_UNDECLARED_SELECTOR = YES;
				GCC_WARN_UNINITIALIZED_AUTOS = YES_AGGRESSIVE;
				GCC_WARN_UNUSED_FUNCTION = YES;
				GCC_WARN_UNUSED_VARIABLE = YES;
				IPHONEOS_DEPLOYMENT_TARGET = 13.2;
				MTL_ENABLE_DEBUG_INFO = NO;
				MTL_FAST_MATH = YES;
				SDKROOT = iphoneos;
				SWIFT_COMPILATION_MODE = wholemodule;
				SWIFT_OPTIMIZATION_LEVEL = "-O";
				VALIDATE_PRODUCT = YES;
			};
			name = Release;
		};
		12B7790A2504FECC003131B8 /* Debug */ = {
			isa = XCBuildConfiguration;
			buildSettings = {
				ASSETCATALOG_COMPILER_APPICON_NAME = AppIcon;
				CODE_SIGN_STYLE = Automatic;
				INFOPLIST_FILE = docSuggest/Info.plist;
				LD_RUNPATH_SEARCH_PATHS = (
					"$(inherited)",
					"@executable_path/Frameworks",
				);
				PRODUCT_BUNDLE_IDENTIFIER = moPharma.docSuggest;
				PRODUCT_NAME = "$(TARGET_NAME)";
				SWIFT_VERSION = 5.0;
				TARGETED_DEVICE_FAMILY = "1,2";
			};
			name = Debug;
		};
		12B7790B2504FECC003131B8 /* Release */ = {
			isa = XCBuildConfiguration;
			buildSettings = {
				ASSETCATALOG_COMPILER_APPICON_NAME = AppIcon;
				CODE_SIGN_STYLE = Automatic;
				INFOPLIST_FILE = docSuggest/Info.plist;
				LD_RUNPATH_SEARCH_PATHS = (
					"$(inherited)",
					"@executable_path/Frameworks",
				);
				PRODUCT_BUNDLE_IDENTIFIER = moPharma.docSuggest;
				PRODUCT_NAME = "$(TARGET_NAME)";
				SWIFT_VERSION = 5.0;
				TARGETED_DEVICE_FAMILY = "1,2";
			};
			name = Release;
		};
		12B7790D2504FECC003131B8 /* Debug */ = {
			isa = XCBuildConfiguration;
			buildSettings = {
				ALWAYS_EMBED_SWIFT_STANDARD_LIBRARIES = YES;
				BUNDLE_LOADER = "$(TEST_HOST)";
				CODE_SIGN_STYLE = Automatic;
				INFOPLIST_FILE = docSuggestTests/Info.plist;
				IPHONEOS_DEPLOYMENT_TARGET = 13.2;
				LD_RUNPATH_SEARCH_PATHS = (
					"$(inherited)",
					"@executable_path/Frameworks",
					"@loader_path/Frameworks",
				);
				PRODUCT_BUNDLE_IDENTIFIER = moPharma.docSuggestTests;
				PRODUCT_NAME = "$(TARGET_NAME)";
				SWIFT_VERSION = 5.0;
				TARGETED_DEVICE_FAMILY = "1,2";
				TEST_HOST = "$(BUILT_PRODUCTS_DIR)/docSuggest.app/docSuggest";
			};
			name = Debug;
		};
		12B7790E2504FECC003131B8 /* Release */ = {
			isa = XCBuildConfiguration;
			buildSettings = {
				ALWAYS_EMBED_SWIFT_STANDARD_LIBRARIES = YES;
				BUNDLE_LOADER = "$(TEST_HOST)";
				CODE_SIGN_STYLE = Automatic;
				INFOPLIST_FILE = docSuggestTests/Info.plist;
				IPHONEOS_DEPLOYMENT_TARGET = 13.2;
				LD_RUNPATH_SEARCH_PATHS = (
					"$(inherited)",
					"@executable_path/Frameworks",
					"@loader_path/Frameworks",
				);
				PRODUCT_BUNDLE_IDENTIFIER = moPharma.docSuggestTests;
				PRODUCT_NAME = "$(TARGET_NAME)";
				SWIFT_VERSION = 5.0;
				TARGETED_DEVICE_FAMILY = "1,2";
				TEST_HOST = "$(BUILT_PRODUCTS_DIR)/docSuggest.app/docSuggest";
			};
			name = Release;
		};
		12B779102504FECC003131B8 /* Debug */ = {
			isa = XCBuildConfiguration;
			buildSettings = {
				ALWAYS_EMBED_SWIFT_STANDARD_LIBRARIES = YES;
				CODE_SIGN_STYLE = Automatic;
				INFOPLIST_FILE = docSuggestUITests/Info.plist;
				LD_RUNPATH_SEARCH_PATHS = (
					"$(inherited)",
					"@executable_path/Frameworks",
					"@loader_path/Frameworks",
				);
				PRODUCT_BUNDLE_IDENTIFIER = moPharma.docSuggestUITests;
				PRODUCT_NAME = "$(TARGET_NAME)";
				SWIFT_VERSION = 5.0;
				TARGETED_DEVICE_FAMILY = "1,2";
				TEST_TARGET_NAME = docSuggest;
			};
			name = Debug;
		};
		12B779112504FECC003131B8 /* Release */ = {
			isa = XCBuildConfiguration;
			buildSettings = {
				ALWAYS_EMBED_SWIFT_STANDARD_LIBRARIES = YES;
				CODE_SIGN_STYLE = Automatic;
				INFOPLIST_FILE = docSuggestUITests/Info.plist;
				LD_RUNPATH_SEARCH_PATHS = (
					"$(inherited)",
					"@executable_path/Frameworks",
					"@loader_path/Frameworks",
				);
				PRODUCT_BUNDLE_IDENTIFIER = moPharma.docSuggestUITests;
				PRODUCT_NAME = "$(TARGET_NAME)";
				SWIFT_VERSION = 5.0;
				TARGETED_DEVICE_FAMILY = "1,2";
				TEST_TARGET_NAME = docSuggest;
			};
			name = Release;
		};
/* End XCBuildConfiguration section */

/* Begin XCConfigurationList section */
		12B778DA2504FECA003131B8 /* Build configuration list for PBXProject "docSuggest" */ = {
			isa = XCConfigurationList;
			buildConfigurations = (
				12B779072504FECC003131B8 /* Debug */,
				12B779082504FECC003131B8 /* Release */,
			);
			defaultConfigurationIsVisible = 0;
			defaultConfigurationName = Release;
		};
		12B779092504FECC003131B8 /* Build configuration list for PBXNativeTarget "docSuggest" */ = {
			isa = XCConfigurationList;
			buildConfigurations = (
				12B7790A2504FECC003131B8 /* Debug */,
				12B7790B2504FECC003131B8 /* Release */,
			);
			defaultConfigurationIsVisible = 0;
			defaultConfigurationName = Release;
		};
		12B7790C2504FECC003131B8 /* Build configuration list for PBXNativeTarget "docSuggestTests" */ = {
			isa = XCConfigurationList;
			buildConfigurations = (
				12B7790D2504FECC003131B8 /* Debug */,
				12B7790E2504FECC003131B8 /* Release */,
			);
			defaultConfigurationIsVisible = 0;
			defaultConfigurationName = Release;
		};
		12B7790F2504FECC003131B8 /* Build configuration list for PBXNativeTarget "docSuggestUITests" */ = {
			isa = XCConfigurationList;
			buildConfigurations = (
				12B779102504FECC003131B8 /* Debug */,
				12B779112504FECC003131B8 /* Release */,
			);
			defaultConfigurationIsVisible = 0;
			defaultConfigurationName = Release;
		};
/* End XCConfigurationList section */
	};
	rootObject = 12B778D72504FECA003131B8 /* Project object */;
}
